
Microsoft Visual Studio Solution File, Format Version 12.00
# Visual Studio 15
VisualStudioVersion = 15.0.27703.2018
MinimumVisualStudioVersion = 10.0.40219.1
Project("{CC5FD16D-436D-48AD-A40C-5A424C6E3E79}") = "demo", "demo\demo.ccproj", "{65F0EC5B-A451-496F-8AA0-4CA64A2D2633}"
EndProject
Project("{FAE04EC0-301F-11D3-BF4B-00C04F79EFBC}") = "WCFServiceWebRoledemo", "WCFServiceWebRoledemo\WCFServiceWebRoledemo.csproj", "{3EE6917D-34EC-4D4A-A85F-C3C5719F2402}"
EndProject
Global
	GlobalSection(SolutionConfigurationPlatforms) = preSolution
		Debug|Any CPU = Debug|Any CPU
		Release|Any CPU = Release|Any CPU
	EndGlobalSection
	GlobalSection(ProjectConfigurationPlatforms) = postSolution
		{65F0EC5B-A451-496F-8AA0-4CA64A2D2633}.Debug|Any CPU.ActiveCfg = Debug|Any CPU
		{65F0EC5B-A451-496F-8AA0-4CA64A2D2633}.Debug|Any CPU.Build.0 = Debug|Any CPU
		{65F0EC5B-A451-496F-8AA0-4CA64A2D2633}.Release|Any CPU.ActiveCfg = Release|Any CPU
		{65F0EC5B-A451-496F-8AA0-4CA64A2D2633}.Release|Any CPU.Build.0 = Release|Any CPU
		{3EE6917D-34EC-4D4A-A85F-C3C5719F2402}.Debug|Any CPU.ActiveCfg = Debug|Any CPU
		{3EE6917D-34EC-4D4A-A85F-C3C5719F2402}.Debug|Any CPU.Build.0 = Debug|Any CPU
		{3EE6917D-34EC-4D4A-A85F-C3C5719F2402}.Release|Any CPU.ActiveCfg = Release|Any CPU
		{3EE6917D-34EC-4D4A-A85F-C3C5719F2402}.Release|Any CPU.Build.0 = Release|Any CPU
	EndGlobalSection
	GlobalSection(SolutionProperties) = preSolution
		HideSolutionNode = FALSE
	EndGlobalSection
	GlobalSection(ExtensibilityGlobals) = postSolution
		SolutionGuid = {B4017DAA-0776-4AB5-B0F4-338C93C1DF5B}
	EndGlobalSection
EndGlobal
